
Microsoft Visual Studio Solution File, Format Version 12.00
# Visual Studio 15
VisualStudioVersion = 15.0.27428.2015
MinimumVisualStudioVersion = 10.0.40219.1
Project("{FAE04EC0-301F-11D3-BF4B-00C04F79EFBC}") = "Newbay.ModelsIZAADA", "Newbay.ModelsIZAADA\Newbay.ModelsIZAADA.csproj", "{187458F3-DA51-43DB-8C76-0CC43A70B122}"
EndProject
Project("{FAE04EC0-301F-11D3-BF4B-00C04F79EFBC}") = "Newbay.DTOIZAADA", "Newbay.DTOIZAADA\Newbay.DTOIZAADA.csproj", "{34607835-87FD-4B19-85C3-2BDE7971C5CC}"
EndProject
Project("{FAE04EC0-301F-11D3-BF4B-00C04F79EFBC}") = "Newbay.DALIZAADA", "Newbay.DALIZAADA\Newbay.DALIZAADA.csproj", "{E256FA26-0257-457C-85C3-2158C79CFB84}"
EndProject
Project("{FAE04EC0-301F-11D3-BF4B-00C04F79EFBC}") = "Newbay.WEBAPIIZAADA", "Newbay.WEBAPIIZAADA\Newbay.WEBAPIIZAADA.csproj", "{D8A62B2B-7012-4E0C-94E6-436BFD8297E3}"
EndProject
Global
	GlobalSection(SolutionConfigurationPlatforms) = preSolution
		Debug|Any CPU = Debug|Any CPU
		Release|Any CPU = Release|Any CPU
	EndGlobalSection
	GlobalSection(ProjectConfigurationPlatforms) = postSolution
		{187458F3-DA51-43DB-8C76-0CC43A70B122}.Debug|Any CPU.ActiveCfg = Debug|Any CPU
		{187458F3-DA51-43DB-8C76-0CC43A70B122}.Debug|Any CPU.Build.0 = Debug|Any CPU
		{187458F3-DA51-43DB-8C76-0CC43A70B122}.Release|Any CPU.ActiveCfg = Release|Any CPU
		{187458F3-DA51-43DB-8C76-0CC43A70B122}.Release|Any CPU.Build.0 = Release|Any CPU
		{34607835-87FD-4B19-85C3-2BDE7971C5CC}.Debug|Any CPU.ActiveCfg = Debug|Any CPU
		{34607835-87FD-4B19-85C3-2BDE7971C5CC}.Debug|Any CPU.Build.0 = Debug|Any CPU
		{34607835-87FD-4B19-85C3-2BDE7971C5CC}.Release|Any CPU.ActiveCfg = Release|Any CPU
		{34607835-87FD-4B19-85C3-2BDE7971C5CC}.Release|Any CPU.Build.0 = Release|Any CPU
		{E256FA26-0257-457C-85C3-2158C79CFB84}.Debug|Any CPU.ActiveCfg = Debug|Any CPU
		{E256FA26-0257-457C-85C3-2158C79CFB84}.Debug|Any CPU.Build.0 = Debug|Any CPU
		{E256FA26-0257-457C-85C3-2158C79CFB84}.Release|Any CPU.ActiveCfg = Release|Any CPU
		{E256FA26-0257-457C-85C3-2158C79CFB84}.Release|Any CPU.Build.0 = Release|Any CPU
		{D8A62B2B-7012-4E0C-94E6-436BFD8297E3}.Debug|Any CPU.ActiveCfg = Debug|Any CPU
		{D8A62B2B-7012-4E0C-94E6-436BFD8297E3}.Debug|Any CPU.Build.0 = Debug|Any CPU
		{D8A62B2B-7012-4E0C-94E6-436BFD8297E3}.Release|Any CPU.ActiveCfg = Release|Any CPU
		{D8A62B2B-7012-4E0C-94E6-436BFD8297E3}.Release|Any CPU.Build.0 = Release|Any CPU
	EndGlobalSection
	GlobalSection(SolutionProperties) = preSolution
		HideSolutionNode = FALSE
	EndGlobalSection
	GlobalSection(ExtensibilityGlobals) = postSolution
		SolutionGuid = {AD26FD38-F86B-4BB2-80E5-EAD68B1875B9}
	EndGlobalSection
EndGlobal
